{
  "version": "3",
  "packages": {
    "specifiers": {
      "jsr:@deno/wasmbuild@0.17.1": "jsr:@deno/wasmbuild@0.17.1",
      "jsr:@denosaurs/plug@1.0.3": "jsr:@denosaurs/plug@1.0.3",
      "jsr:@std/assert@^0.213.1": "jsr:@std/assert@0.213.1",
      "jsr:@std/encoding@0.213.1": "jsr:@std/encoding@0.213.1",
      "jsr:@std/fmt@0.213.1": "jsr:@std/fmt@0.213.1",
      "jsr:@std/fs@0.213.1": "jsr:@std/fs@0.213.1",
      "jsr:@std/path@0.213.1": "jsr:@std/path@0.213.1",
      "jsr:@std/path@^0.213.1": "jsr:@std/path@0.213.1"
    },
    "jsr": {
      "@deno/wasmbuild@0.17.1": {
        "integrity": "420fc1f1130fd3a6afa60e5ba90b8710b46e380773b1b0eb368fd2688853c248"
      },
      "@denosaurs/plug@1.0.3": {
        "integrity": "b010544e386bea0ff3a1d05e0c88f704ea28cbd4d753439c2f1ee021a85d4640",
        "dependencies": [
          "jsr:@std/encoding@0.213.1",
          "jsr:@std/fmt@0.213.1",
          "jsr:@std/fs@0.213.1",
          "jsr:@std/path@0.213.1"
        ]
      },
      "@std/assert@0.213.1": {
        "integrity": "24c28178b30c8e0782c18e8e94ea72b16282207569cdd10ffb9d1d26f2edebfe"
      },
      "@std/encoding@0.213.1": {
        "integrity": "fcbb6928713dde941a18ca5db88ca1544d0755ec8fb20fe61e2dc8144b390c62"
      },
      "@std/fmt@0.213.1": {
        "integrity": "a06d31777566d874b9c856c10244ac3e6b660bdec4c82506cd46be052a1082c3"
      },
      "@std/fs@0.213.1": {
        "integrity": "fbcaf099f8a85c27ab0712b666262cda8fe6d02e9937bf9313ecaea39a22c501",
        "dependencies": [
          "jsr:@std/assert@^0.213.1",
          "jsr:@std/path@^0.213.1"
        ]
      },
      "@std/path@0.213.1": {
        "integrity": "f187bf278a172752e02fcbacf6bd78a335ed320d080a7ed3a5a59c3e88abc673",
        "dependencies": [
          "jsr:@std/assert@^0.213.1"
        ]
      }
    }
  },
  "redirects": {
    "https://deno.land/x/netsaur/mod.ts": "https://deno.land/x/netsaur@0.2.8/mod.ts"
  },
  "remote": {
    "https://deno.land/std@0.184.0/_util/asserts.ts": "178dfc49a464aee693a7e285567b3d0b555dc805ff490505a8aae34f9cfb1462",
    "https://deno.land/std@0.184.0/_util/os.ts": "d932f56d41e4f6a6093d56044e29ce637f8dcc43c5a90af43504a889cf1775e3",
    "https://deno.land/std@0.184.0/encoding/hex.ts": "b4b1a7cb678745b0bf181ed8cf2498c7be00d121a7de244b752fbf9c7d9c48cd",
    "https://deno.land/std@0.184.0/fmt/colors.ts": "d67e3cd9f472535241a8e410d33423980bec45047e343577554d3356e1f0ef4e",
    "https://deno.land/std@0.184.0/fs/_util.ts": "579038bebc3bd35c43a6a7766f7d91fbacdf44bc03468e9d3134297bb99ed4f9",
    "https://deno.land/std@0.184.0/fs/copy.ts": "14214efd94fc3aa6db1e4af2b4b9578e50f7362b7f3725d5a14ad259a5df26c8",
    "https://deno.land/std@0.184.0/fs/empty_dir.ts": "c3d2da4c7352fab1cf144a1ecfef58090769e8af633678e0f3fabaef98594688",
    "https://deno.land/std@0.184.0/fs/ensure_dir.ts": "dc64c4c75c64721d4e3fb681f1382f803ff3d2868f08563ff923fdd20d071c40",
    "https://deno.land/std@0.184.0/fs/ensure_file.ts": "c38602670bfaf259d86ca824a94e6cb9e5eb73757fefa4ebf43a90dd017d53d9",
    "https://deno.land/std@0.184.0/fs/ensure_link.ts": "c0f5b2f0ec094ed52b9128eccb1ee23362a617457aa0f699b145d4883f5b2fb4",
    "https://deno.land/std@0.184.0/fs/ensure_symlink.ts": "5006ab2f458159c56d689b53b1e48d57e05eeb1eaf64e677f7f76a30bc4fdba1",
    "https://deno.land/std@0.184.0/fs/eol.ts": "f1f2eb348a750c34500741987b21d65607f352cf7205f48f4319d417fff42842",
    "https://deno.land/std@0.184.0/fs/exists.ts": "29c26bca8584a22876be7cb8844f1b6c8fc35e9af514576b78f5c6884d7ed02d",
    "https://deno.land/std@0.184.0/fs/expand_glob.ts": "e4f56259a0a70fe23f05215b00de3ac5e6ba46646ab2a06ebbe9b010f81c972a",
    "https://deno.land/std@0.184.0/fs/mod.ts": "bc3d0acd488cc7b42627044caf47d72019846d459279544e1934418955ba4898",
    "https://deno.land/std@0.184.0/fs/move.ts": "b4f8f46730b40c32ea3c0bc8eb0fd0e8139249a698883c7b3756424cf19785c9",
    "https://deno.land/std@0.184.0/fs/walk.ts": "920be35a7376db6c0b5b1caf1486fb962925e38c9825f90367f8f26b5e5d0897",
    "https://deno.land/std@0.184.0/path/_constants.ts": "e49961f6f4f48039c0dfed3c3f93e963ca3d92791c9d478ac5b43183413136e0",
    "https://deno.land/std@0.184.0/path/_interface.ts": "6471159dfbbc357e03882c2266d21ef9afdb1e4aa771b0545e90db58a0ba314b",
    "https://deno.land/std@0.184.0/path/_util.ts": "d7abb1e0dea065f427b89156e28cdeb32b045870acdf865833ba808a73b576d0",
    "https://deno.land/std@0.184.0/path/common.ts": "ee7505ab01fd22de3963b64e46cff31f40de34f9f8de1fff6a1bd2fe79380000",
    "https://deno.land/std@0.184.0/path/glob.ts": "d479e0a695621c94d3fd7fe7abd4f9499caf32a8de13f25073451c6ef420a4e1",
    "https://deno.land/std@0.184.0/path/mod.ts": "bf718f19a4fdd545aee1b06409ca0805bd1b68ecf876605ce632e932fe54510c",
    "https://deno.land/std@0.184.0/path/posix.ts": "8b7c67ac338714b30c816079303d0285dd24af6b284f7ad63da5b27372a2c94d",
    "https://deno.land/std@0.184.0/path/separator.ts": "0fb679739d0d1d7bf45b68dacfb4ec7563597a902edbaf3c59b50d5bcadd93b1",
    "https://deno.land/std@0.184.0/path/win32.ts": "d186344e5583bcbf8b18af416d13d82b35a317116e6460a5a3953508c3de5bba",
    "https://deno.land/std@0.188.0/_util/asserts.ts": "178dfc49a464aee693a7e285567b3d0b555dc805ff490505a8aae34f9cfb1462",
    "https://deno.land/std@0.188.0/csv/_io.ts": "0f90b154e0f9c574a025f24d35d7ef617944809a66d277716243e68523a816b2",
    "https://deno.land/std@0.188.0/csv/parse.ts": "96f7be0b5b5c0778bbd1c3f6f4ec689aecc406b6ce66d5059da12ca2268d2b44",
    "https://deno.land/x/dir@1.5.1/data_local_dir/mod.ts": "91eb1c4bfadfbeda30171007bac6d85aadacd43224a5ed721bbe56bc64e9eb66",
    "https://deno.land/x/netsaur@0.2.8/deps.ts": "ecf8d69bb639cea2aeac1c69730b5a0f5f5fd3518090449c027176cd0fdc4415",
    "https://deno.land/x/netsaur@0.2.8/mod.ts": "ed16d242a2792677c47d0082b82321090eaf64e262e017e741373789bcc6c11e",
    "https://deno.land/x/netsaur@0.2.8/src/backend_cpu/backend.ts": "5ef0911e6fcd682b891dc64173cafde76b141490c73cedcf66d9ba152cf87ec0",
    "https://deno.land/x/netsaur@0.2.8/src/backend_cpu/mod.ts": "5871a2e5b7f6cf7619294d8761080f19ba5de1a6f55ef6e08b76a1b594b370f8",
    "https://deno.land/x/netsaur@0.2.8/src/backend_cpu/util.ts": "fd51f7868ed9d7eddeec01559b60684f2898ff72a2abe11d6a2267f63239c6d0",
    "https://deno.land/x/netsaur@0.2.8/src/backend_wasm/backend.ts": "1a8957ecb3219d0b02e7c3144ab6619a0d79ef548001838c7fa09f3cb8e767ac",
    "https://deno.land/x/netsaur@0.2.8/src/backend_wasm/lib/netsaur.generated.js": "f91e0dd8528a13f6bf91a98908ece7d9192d2a4918180a448b98a2e967033e54",
    "https://deno.land/x/netsaur@0.2.8/src/backend_wasm/mod.ts": "b07ff70c68ce179cb8a3ab7d28135fe7f0ecc727c0dbd34857a376cae17f84d4",
    "https://deno.land/x/netsaur@0.2.8/src/backend_wasm/utils.ts": "cbbca54c7fa37f6cf71375833cec37d367fb0bc677af1cfa913e2832d7f1f475",
    "https://deno.land/x/netsaur@0.2.8/src/core/api/error.ts": "b58811e114b9ffc9d5fa77ddca7a72e3b21d009efb060440de5b5ea5f630b0ef",
    "https://deno.land/x/netsaur@0.2.8/src/core/api/layer.ts": "27c34b83c677ce2e92cf7d31211925b1df301dc19c0c76d04e283eb2e102cd34",
    "https://deno.land/x/netsaur@0.2.8/src/core/api/layers.ts": "5120bd93eff110999da895172a9e8a4f77b49fc5aa26b5f88aa55678d300f696",
    "https://deno.land/x/netsaur@0.2.8/src/core/api/network.ts": "de3ee840b0b169a394accfd28abcac699c731853198eda920315895a4c8ce538",
    "https://deno.land/x/netsaur@0.2.8/src/core/api/optimizer.ts": "30d5f2f6e7a469910e6735dee1bb3e06e2c8ebaed48d6c55d4662bb998b473f9",
    "https://deno.land/x/netsaur@0.2.8/src/core/api/shape.ts": "a65b381937751ab5e0016fb5c8afb023aff480f39612f77d200fea85249026d4",
    "https://deno.land/x/netsaur@0.2.8/src/core/engine.ts": "d63750b7b6e9d5f4cffe45d47859ad2a8f3279c682fdb4c646a8f263df55c9ec",
    "https://deno.land/x/netsaur@0.2.8/src/core/mod.ts": "a12c92154b5f5189eed295f3395fb6048412a88bd298ad4f6c14b2b7490ee534",
    "https://deno.land/x/netsaur@0.2.8/src/core/tensor/tensor.ts": "2db0c0e5b6cdece8c50b36cc8d683c73fd38cccb101ce12375f1bf2c8859155b",
    "https://deno.land/x/netsaur@0.2.8/src/core/tensor/util.ts": "d76a96380354085992731599eaec98f7cc59c2af821e03531b72296277249b34",
    "https://deno.land/x/netsaur@0.2.8/src/core/types.ts": "4a2f33769cded405cfb134609cbc906202180f9d87acb3033187d59da4b23b75",
    "https://deno.land/x/plug@1.0.2/deps.ts": "36846a478fafaa1d8ca18aafd91584a748aa58de47ad0f45f008881dad82f374",
    "https://deno.land/x/plug@1.0.2/download.ts": "b92bc1c1ae35fdb75828847f1ebfc7e51bf462f339729740e1cffe78384e1509",
    "https://deno.land/x/plug@1.0.2/mod.ts": "32e0006ed6142e7becdb4103c2aa4e1e9ef28459d7243d6cb404a028f7c4eb7e",
    "https://deno.land/x/plug@1.0.2/types.ts": "0490359117c53783138f2b6692a34f85bca9237314ba8cdef8ad682d81218d21",
    "https://deno.land/x/plug@1.0.2/util.ts": "ded3db6e9bb16b8003899d9073fb310e13231ca617b35d6b7dfd53f38762cc76",
    "https://deno.land/x/vectorizer@v0.3.7/mod.ts": "d6b7ac161b614a7289843406ccae3f82b001ad72f4905bc75ec84a408832aac7",
    "https://deno.land/x/vectorizer@v0.3.7/src/constants/stop_words.ts": "08337cc83aec6e203c042e2809af6b54c01c9f896f4518a9bc6c151846692ca7",
    "https://deno.land/x/vectorizer@v0.3.7/src/encoding/categorical.ts": "3516569164f81da7353c4d79dceb6d70e23b0546362099bc50067e4cd49e410f",
    "https://deno.land/x/vectorizer@v0.3.7/src/encoding/mod.ts": "0bb19870e339200ace9eeb4de9d352af379c64524326764e78577cf8b31d3d58",
    "https://deno.land/x/vectorizer@v0.3.7/src/feature/conversion/text/base.ts": "15d51c4c57607a006d7b55fc520a9d4cf6c4265a7bef6a413b5ebaee52a914b7",
    "https://deno.land/x/vectorizer@v0.3.7/src/feature/conversion/text/mod.ts": "10ae80b3362c4000099e06a94977118db542226d1be97188efa7257a119f3ca8",
    "https://deno.land/x/vectorizer@v0.3.7/src/feature/conversion/text/sparse/count_vectorizer.ts": "1b6ea7bba6e4272f73b7b67b5754ccca400904efa7a2ae90734352526fc8c8d4",
    "https://deno.land/x/vectorizer@v0.3.7/src/feature/conversion/text/sparse/index_vectorizer.ts": "767f233cbfe6ac318d980a53a8f3c049743ec41bf0c0f6041c9047aafcd2d73a",
    "https://deno.land/x/vectorizer@v0.3.7/src/feature/conversion/text/sparse/mod.ts": "567e37d623f07b22977d1fca8950096cb750f161ee905e1cb7486a0662c2dc7a",
    "https://deno.land/x/vectorizer@v0.3.7/src/feature/conversion/text/sparse/multi_hot.ts": "48d761f1fd7170655e12c4ea83ea38a5347cfc3268d7b8a9433a757d0ce829f5",
    "https://deno.land/x/vectorizer@v0.3.7/src/feature/conversion/text/sparse/tf_idf_transformer.ts": "8e65e0267a2e817579773346581c01f6d5cd211f43cb9d50309dd5d32b88196f",
    "https://deno.land/x/vectorizer@v0.3.7/src/feature/conversion/text/types.ts": "b0d11ec71273dec4f47b9eed2ee36253edc141997ac9dca6cdf81d019ad0bd39",
    "https://deno.land/x/vectorizer@v0.3.7/src/feature/extraction/image/colors/common.ts": "88d81009371cd53563d6b719644c3d3b11fce18cd111129c127416af534f5dbe",
    "https://deno.land/x/vectorizer@v0.3.7/src/feature/extraction/image/colors/histogram.ts": "fc32cf9d374ce80182943fc3af036adf6d486d2b8a02c6aeca83da797d072ac3",
    "https://deno.land/x/vectorizer@v0.3.7/src/feature/extraction/image/colors/median_cut.ts": "d299a88041ea010da3f79bd627b8200cb94cfd4492da68d5279a1ce1837358d9",
    "https://deno.land/x/vectorizer@v0.3.7/src/feature/extraction/image/colors/mod.ts": "531dc0c7ad315834a9579045b356c7e7842cd9568d5f9ead3a09d0eddac8e2f3",
    "https://deno.land/x/vectorizer@v0.3.7/src/feature/extraction/image/patches/patch_2d.ts": "fa0fdf91618c6370acd5a699bee5964c85ee239c1a3cea6b9034da1dacba8972",
    "https://deno.land/x/vectorizer@v0.3.7/src/feature/image.ts": "779149bba165f2a135fa29fbfa29733540284553404877fcd7c2941fa9dfd568",
    "https://deno.land/x/vectorizer@v0.3.7/src/feature/text.ts": "13ea9d45110a93dac34fad407bee497fea1966dc2c48b60bee80a9a4c333c1a5",
    "https://deno.land/x/vectorizer@v0.3.7/src/feature/types.ts": "4da6c4de0d573827f16e02a27419163916126bb0a4f50c81e5633b31ffe7b5e4",
    "https://deno.land/x/vectorizer@v0.3.7/src/metrics/classification.ts": "1745df3247d477ccee61b9cffdde3cea39b5692a0408e576dc435eb4ab831a86",
    "https://deno.land/x/vectorizer@v0.3.7/src/metrics/mod.ts": "0c851b3522c9ace99f4dc37209c8aa66ece538f40089d45a09cb94c9cd2300ec",
    "https://deno.land/x/vectorizer@v0.3.7/src/metrics/regression.ts": "803164aac3346268afb76cb2cafa12932350afbbe56475d339273fd77fed6fec",
    "https://deno.land/x/vectorizer@v0.3.7/src/mod.ts": "10b549cb251c641c0495309e01b80c795dd20a4cb1c59531ea162d73994264b0",
    "https://deno.land/x/vectorizer@v0.3.7/src/utils/array/mod.ts": "a95df5671fcb09123d6e8a9aaa46ff2f935ad43966f3dc4d32051da31577ed0f",
    "https://deno.land/x/vectorizer@v0.3.7/src/utils/array/range.ts": "a72d2355492889e739a1987b5a3a6c859ac71f2601eb67138b58e6983a24d9d1",
    "https://deno.land/x/vectorizer@v0.3.7/src/utils/array/split.ts": "2d57882320b7fe7257845c3921c65470fb6d2691bbf999c9a78325744ecefd6b",
    "https://deno.land/x/vectorizer@v0.3.7/src/utils/array/unique.ts": "d81d591c077ad81123ecf612445bcfc657a409b0e10a1667c184c675d7ee895a",
    "https://deno.land/x/vectorizer@v0.3.7/src/utils/common_types.ts": "1d02a8e0a9fc3f3a12ccc4072413630bf7d25a7651f01aecd067f5afc97bfdb0",
    "https://deno.land/x/vectorizer@v0.3.7/src/utils/datetime/duration.ts": "ad1704be1a47b75d581e8030a677b881c92d8f4a23348669066c01b1e478ed19",
    "https://deno.land/x/vectorizer@v0.3.7/src/utils/datetime/mod.ts": "30f93d011754ff647495d38fa38eb9790ae1c55258df9ba5ee615b96dfd30958",
    "https://deno.land/x/vectorizer@v0.3.7/src/utils/datetime/time.ts": "e67edba8d60c682ea87fd6457a6460fbbc92a61e78afa41f0536bab8c26b38ac",
    "https://deno.land/x/vectorizer@v0.3.7/src/utils/misc/get_constructor.ts": "8588ace02567b46669de92de172e8958124a05050d5ce080b066b81d8fd87a08",
    "https://deno.land/x/vectorizer@v0.3.7/src/utils/misc/image.ts": "acfd832d82ff8983abef350277f244c0f893dd2d2b7bc560893b5230f8383a2b",
    "https://deno.land/x/vectorizer@v0.3.7/src/utils/misc/matrix.ts": "d1294cbc93f49ba6b009c953003d353684c26df1d18cf899d44ce82a8486e922",
    "https://deno.land/x/vectorizer@v0.3.7/src/utils/misc/mod.ts": "f4641debc43d0777e527fa4f289c38574fb10c37ac0e2cf00b50f76860bde896",
    "https://deno.land/x/vectorizer@v0.3.7/src/utils/mod.ts": "adcbb62e22a87ca518971d78783b7c5b056085f1f78d01d24fbaaa25bb9b6039",
    "https://deno.land/x/vectorizer@v0.3.7/src/utils/random/mod.ts": "8b1d03fd04bad86ece5c1b8b2efa20f56231d9a8bac962cf10571d321d989116",
    "https://deno.land/x/vectorizer@v0.3.7/src/utils/random/normal.ts": "c6f0bac64e0e147f8df6f9882eeb7c0bc335bd7a00e06897c6147118333af497",
    "https://deno.land/x/vectorizer@v0.3.7/src/utils/random/rearrange.ts": "1c1571664845896663b563029f3f2572fccd38c6d92ec3fd11dc6d7ea866cb4b",
    "https://deno.land/x/vectorizer@v0.3.7/src/utils/random/rng.ts": "213dff1b1a39ae4621d35330eb19a3f96170949e8ca429e8028a1fdf86c61f22",
    "https://deno.land/x/vectorizer@v0.3.7/src/utils/random/shuffle.ts": "66f966851d5b6dd4c81117d32311742c319ea3042aad22a7874d2b10da4e743f",
    "https://deno.land/x/vectorizer@v0.3.7/src/utils/random/weighted.ts": "c4eeb309477ecf431a0b9fd1bf0f04540825194c7ed30ba8c71c9e45e14112e6",
    "https://deno.land/x/wasmbuild@0.15.6/loader/cache.ts": "362d03a2ceb3d3e130373102a5de6d54ffda659a0911c2fcc090c29c3555f7ef",
    "https://deno.land/x/wasmbuild@0.15.6/loader/fetch.ts": "7d015203a93cbadd05034cbb6e726d35f47e1f51140d91e69aeddc5d71b06ec8"
  }
}
