{
  "version": "4",
  "specifiers": {
    "jsr:@denosaurs/plug@1.0.3": "1.0.3",
    "jsr:@std/assert@~0.213.1": "0.213.1",
    "jsr:@std/encoding@0.213.1": "0.213.1",
    "jsr:@std/fmt@0.213.1": "0.213.1",
    "jsr:@std/fs@0.213.1": "0.213.1",
    "jsr:@std/path@0.213.1": "0.213.1",
    "jsr:@std/path@~0.213.1": "0.213.1"
  },
  "jsr": {
    "@denosaurs/plug@1.0.3": {
      "integrity": "b010544e386bea0ff3a1d05e0c88f704ea28cbd4d753439c2f1ee021a85d4640",
      "dependencies": [
        "jsr:@std/encoding",
        "jsr:@std/fmt",
        "jsr:@std/fs",
        "jsr:@std/path@0.213.1"
      ]
    },
    "@std/assert@0.213.1": {
      "integrity": "24c28178b30c8e0782c18e8e94ea72b16282207569cdd10ffb9d1d26f2edebfe"
    },
    "@std/encoding@0.213.1": {
      "integrity": "fcbb6928713dde941a18ca5db88ca1544d0755ec8fb20fe61e2dc8144b390c62"
    },
    "@std/fmt@0.213.1": {
      "integrity": "a06d31777566d874b9c856c10244ac3e6b660bdec4c82506cd46be052a1082c3"
    },
    "@std/fs@0.213.1": {
      "integrity": "fbcaf099f8a85c27ab0712b666262cda8fe6d02e9937bf9313ecaea39a22c501",
      "dependencies": [
        "jsr:@std/assert",
        "jsr:@std/path@~0.213.1"
      ]
    },
    "@std/path@0.213.1": {
      "integrity": "f187bf278a172752e02fcbacf6bd78a335ed320d080a7ed3a5a59c3e88abc673",
      "dependencies": [
        "jsr:@std/assert"
      ]
    }
  }
}
